github.com/coder/websocket v1.8.14 h1:9L0p0iKiNOibykf283eHkKUHHrpG7f65OE3BhhO7v9g=
github.com/coder/websocket v1.8.14/go.mod h1:NX3SzP+inril6yawo5CQXx8+fk145lPDC6pumgx0mVg=
github.com/fsnotify/fsnotify v1.9.0 h1:2Ml+OJNzbYCTzsxtv8vKSFD9PbJjmhYF14k/jKC7S9k=
github.com/fsnotify/fsnotify v1.9.0/go.mod h1:8jBTzvmWwFyi3Pb8djgCCO5IBqzKJ/Jwo8TRcHyHii0=
github.com/tetratelabs/wazero v1.11.0 h1:+gKemEuKCTevU4d7ZTzlsvgd1uaToIDtlQlmNbwqYhA=
github.com/tetratelabs/wazero v1.11.0/go.mod h1:eV28rsN8Q+xwjogd7f4/Pp4xFxO7uOGbLcD/LzB1wiU=
github.com/tinywasm/binary v0.5.7 h1:1lrmlT4528FRBrkdHyNoBXHvjNi38FpaU4yiP22CcYc=
github.com/tinywasm/binary v0.5.7/go.mod h1:SNbXbjDwNj/E+eSdQVkGt5BVCbBa/gHqMuEzXvbABBA=
github.com/tinywasm/bus v0.0.4 h1:wAGdRt/R6ETayTgfkKJLOZeEKHYaxtc9owOYJ3Qb9dw=
github.com/tinywasm/bus v0.0.4/go.mod h1:PClJl9xsOWR0CtPoYF5Az1sZ+BVppT91wI0X0yKeSaM=
github.com/tinywasm/fmt v0.18.0 h1:B1AKOU91uZZf9b7FDdF+cpf25Sa8nJe4X4yjgH2lL0Y=
github.com/tinywasm/fmt v0.18.0/go.mod h1:L2GCAi6asgytPV6TVvGrRq5Ml+DkUt1Ijo5i/2J1jOY=
github.com/tinywasm/gobuild v0.0.24 h1:3AijOMF72/h4LOly/EZfBSoLqEdS7FSH73c0vwfHXAg=
github.com/tinywasm/gobuild v0.0.24/go.mod h1:48JVlXnOy8ZBiz/vz5rWMxv4ZrQvB5Fbw22kOx6RfZY=
golang.org/x/sys v0.38.0 h1:3yZWxaJjBmCWXqhN1qh02AkOnCQ1poK6oF+a7xWL6Gc=
golang.org/x/sys v0.38.0/go.mod h1:OgkHotnGiDImocRcuBABYBEXf8A9a87e/uXjp9XT3ks=
nhooyr.io/websocket v1.8.17 h1:KEVeLJkUywCKVsnLIDlD/5gtayKp8VoCkksHCGGfT9Y=
nhooyr.io/websocket v1.8.17/go.mod h1:rN9OFWIUwuxg4fR5tELlYC04bXYowCP9GX47ivo2l+c=
